<?xml version="1.0" encoding="utf-8"?>
<Project ToolsVersion="4.0" xmlns="http://schemas.microsoft.com/developer/msbuild/2003">
  <ItemGroup>
    <Filter Include="Source Files">
      <UniqueIdentifier>{4FC737F1-C7A5-4376-A066-2A32D752A2FF}</UniqueIdentifier>
      <Extensions>qml;cpp;c;cc;cxx;def;odl;idl;hpj;bat;asm;asmx</Extensions>
    </Filter>
    <Filter Include="Header Files">
      <UniqueIdentifier>{93995380-89BD-4b04-88EB-625FBE52EBFB}</UniqueIdentifier>
      <Extensions>h;hh;hpp;hxx;hm;inl;inc;xsd</Extensions>
    </Filter>
    <Filter Include="Resource Files">
      <UniqueIdentifier>{67DA6AB6-F800-4c08-8B7A-83BB121AAD01}</UniqueIdentifier>
      <Extensions>qrc;rc;ico;cur;bmp;dlg;rc2;rct;bin;rgs;gif;jpg;jpeg;jpe;resx;tiff;tif;png;wav;mfcribbon-ms</Extensions>
    </Filter>
    <Filter Include="Form Files">
      <UniqueIdentifier>{99349809-55BA-4b9d-BF79-8FDBB0286EB3}</UniqueIdentifier>
      <Extensions>ui</Extensions>
    </Filter>
    <Filter Include="Translation Files">
      <UniqueIdentifier>{639EADAA-A684-42e4-A9AD-28FC9BCB8F7C}</UniqueIdentifier>
      <Extensions>ts</Extensions>
    </Filter>
  </ItemGroup>
  <ItemGroup>
    <QtRcc Include="x64\ChessGameFinal.qrc">
      <Filter>Resource Files</Filter>
    </QtRcc>
    <QtUic Include="x64\ChessGameFinal.ui">
      <Filter>Form Files</Filter>
    </QtUic>
    <QtMoc Include="x64\ChessGameFinal.h">
      <Filter>Header Files</Filter>
    </QtMoc>
    <ClCompile Include="x64\ChessGameFinal.cpp">
      <Filter>Source Files</Filter>
    </ClCompile>
  </ItemGroup>
  <ItemGroup>
    <ClCompile Include="x64\view.cpp">
      <Filter>Source Files</Filter>
    </ClCompile>
    <ClCompile Include="x64\gamescene.cpp">
      <Filter>Source Files</Filter>
    </ClCompile>
    <ClCompile Include="x64\chessboard.cpp">
      <Filter>Source Files</Filter>
    </ClCompile>
    <ClCompile Include="x64\chesspiece.cpp">
      <Filter>Source Files</Filter>
    </ClCompile>
    <ClCompile Include="x64\buttongame.cpp">
      <Filter>Source Files</Filter>
    </ClCompile>
    <ClCompile Include="x64\mainmenu.cpp">
      <Filter>Source Files</Filter>
    </ClCompile>
    <ClCompile Include="x64\StockfishHandler.cpp">
      <Filter>Source Files</Filter>
    </ClCompile>
    <ClCompile Include="x64\soundeffects.cpp">
      <Filter>Source Files</Filter>
    </ClCompile>
    <ClCompile Include="x64\main.cpp">
      <Filter>Source Files</Filter>
    </ClCompile>
    <ClCompile Include="x64\chesstile.cpp">
      <Filter>Source Files</Filter>
    </ClCompile>
    <ClCompile Include="x64\themesSetting.cpp">
      <Filter>Source Files</Filter>
    </ClCompile>
    <ClCompile Include="x64\svgbutton.cpp">
      <Filter>Source Files</Filter>
    </ClCompile>
    <ClCompile Include="x64\settingsMenu.cpp">
      <Filter>Source Files</Filter>
    </ClCompile>
    <ClCompile Include="x64\loadgameui.cpp">
      <Filter>Source Files</Filter>
    </ClCompile>
  </ItemGroup>
  <ItemGroup>
    <QtMoc Include="x64\view.h">
      <Filter>Header Files</Filter>
    </QtMoc>
    <QtMoc Include="x64\gamescene.h">
      <Filter>Header Files</Filter>
    </QtMoc>
    <QtMoc Include="x64\chessboard.h">
      <Filter>Header Files</Filter>
    </QtMoc>
    <QtMoc Include="x64\buttongame.h">
      <Filter>Header Files</Filter>
    </QtMoc>
    <QtMoc Include="x64\mainmenu.h">
      <Filter>Header Files</Filter>
    </QtMoc>
    <QtMoc Include="x64\chesspiece.h">
      <Filter>Header Files</Filter>
    </QtMoc>
    <QtMoc Include="x64\themesSetting.h">
      <Filter>Header Files</Filter>
    </QtMoc>
    <QtMoc Include="x64\svgbutton.h">
      <Filter>Header Files</Filter>
    </QtMoc>
    <QtMoc Include="x64\settingsMenu.h">
      <Filter>Header Files</Filter>
    </QtMoc>
    <QtMoc Include="x64\loadgameui.h">
      <Filter>Header Files</Filter>
    </QtMoc>
  </ItemGroup>
  <ItemGroup>
    <ClInclude Include="x64\chesstile.h">
      <Filter>Header Files</Filter>
    </ClInclude>
    <ClInclude Include="x64\chess.hpp">
      <Filter>Header Files</Filter>
    </ClInclude>
    <ClInclude Include="x64\utilities.h">
      <Filter>Header Files</Filter>
    </ClInclude>
    <ClInclude Include="x64\soundeffects.h">
      <Filter>Header Files</Filter>
    </ClInclude>
    <ClInclude Include="x64\StockfishHandler.h">
      <Filter>Header Files</Filter>
    </ClInclude>
  </ItemGroup>
  <ItemGroup>
    <None Include="x64\cpp.hint" />
  </ItemGroup>
</Project>